
Microsoft Visual Studio Solution File, Format Version 12.00
# Visual Studio Version 18
VisualStudioVersion = 18.10.12201.205
MinimumVisualStudioVersion = 10.0.40219.1
Project("{2150E333-8FDC-42A3-9474-1A3956D46DE8}") = "Task0", "Task0", "{02EA681E-C7D8-13C7-8484-4AC65E1B71E8}"
EndProject
Project("{FAE04EC0-301F-11D3-BF4B-00C04F79EFBC}") = "Tyuiu.LipnagovAS.Sprint0.Task0.V0", "Tyuiu.LipnagovAS.Sprint0.Task0.V0\Tyuiu.LipnagovAS.Sprint0.Task0.V0.csproj", "{1B51F6FA-D7D2-4DFF-BD6B-647300C0A9D7}"
EndProject
Project("{2150E333-8FDC-42A3-9474-1A3956D46DE8}") = "Task1", "Task1", "{02EF7975-0A05-4924-B982-F63EFD50862A}"
EndProject
Project("{FAE04EC0-301F-11D3-BF4B-00C04F79EFBC}") = "Tyuiu.LipnagovAS.Sprint0.Task1.V0", "ConsoleApp1\Tyuiu.LipnagovAS.Sprint0.Task1.V0.csproj", "{020B801D-51F6-4DED-9C6E-8AA392EC2C6E}"
EndProject
Project("{2150E333-8FDC-42A3-9474-1A3956D46DE8}") = "Task2", "Task2", "{00AF174F-F104-4B5B-BF20-9478A89E406E}"
EndProject
Project("{FAE04EC0-301F-11D3-BF4B-00C04F79EFBC}") = "Tyuiu.LipnagovAS.Sprint0.Task2.V0", "Tyuiu.LipnagovAS.Sprint0.Task2.V0\Tyuiu.LipnagovAS.Sprint0.Task2.V0.csproj", "{2844400E-E220-46B7-BC9F-D6DA35E7891A}"
EndProject
Project("{FAE04EC0-301F-11D3-BF4B-00C04F79EFBC}") = "Tyuiu.LipnagovAS.Sprint0.Task2.V0.Lib", "Tyuiu.LapnsgovAS.Sprint0.Task2.V0.Lib\Tyuiu.LipnagovAS.Sprint0.Task2.V0.Lib.csproj", "{E688252F-377E-42C7-ACB2-18282E83E18A}"
EndProject
Project("{FAE04EC0-301F-11D3-BF4B-00C04F79EFBC}") = "Tyuiu.LipnagovAS.Sprint0.Task2.V0.Test", "Tyuiu.LipnagovAS.Sprint0.Task2.V0.Test\Tyuiu.LipnagovAS.Sprint0.Task2.V0.Test.csproj", "{95AF7F4E-BDB5-46A8-96B8-E544498A5880}"
EndProject
Project("{2150E333-8FDC-42A3-9474-1A3956D46DE8}") = "Task3", "Task3", "{4F78C2A6-A445-429E-9E1C-406AA830E630}"
EndProject
Project("{FAE04EC0-301F-11D3-BF4B-00C04F79EFBC}") = "Tyuiu.LipnagovAS.Sprint0.Task3.V0", "Tyuiu.LipnagovAS.Sprint0.Task3.V0\Tyuiu.LipnagovAS.Sprint0.Task3.V0.csproj", "{60926B2E-E946-4769-9E57-7E29B2802AD6}"
EndProject
Project("{FAE04EC0-301F-11D3-BF4B-00C04F79EFBC}") = "Tyuiu.LipnagovAS.Sprint0.Task3.V0.Test", "Tyuiu.LipnagovAS.Sprint0.Task3.V0.Test\Tyuiu.LipnagovAS.Sprint0.Task3.V0.Test.csproj", "{7A71F091-B8BE-4084-B552-CC4ECCEC512F}"
EndProject
Project("{FAE04EC0-301F-11D3-BF4B-00C04F79EFBC}") = "Tyuiu.LipnagovAS.Sprint0.Task3.V0.Lib", "Tyuiu.LipnagovAS.Sprint0.Task3.V0.Lib\Tyuiu.LipnagovAS.Sprint0.Task3.V0.Lib.csproj", "{49C4021F-F6BC-4BD5-A6E3-E056AE0266D6}"
EndProject
Project("{2150E333-8FDC-42A3-9474-1A3956D46DE8}") = "Task4", "Task4", "{630A2C4C-04D1-48F4-91D0-B40234F5782E}"
EndProject
Project("{FAE04EC0-301F-11D3-BF4B-00C04F79EFBC}") = "Tyuiu.LipnagovAS.Sprint0.Task4.V0", "Tyuiu.LipnagovAS.Sprint0.Task4.V0\Tyuiu.LipnagovAS.Sprint0.Task4.V0.csproj", "{0E2A1A2E-FC7F-405F-A833-9DB06BE22A4F}"
EndProject
Project("{FAE04EC0-301F-11D3-BF4B-00C04F79EFBC}") = "Tyuiu.LipnagovAS.Sprint0.Task4.V0.Lib", "Tyuiu.LipnagovAS.Sprint0.Task4.V0.Lib\Tyuiu.LipnagovAS.Sprint0.Task4.V0.Lib.csproj", "{A6218C12-582D-4BA0-8A99-C77A2C6AF595}"
EndProject
Project("{FAE04EC0-301F-11D3-BF4B-00C04F79EFBC}") = "Tyuiu.LipnagovAS.Sprint0.Task4.V0.Test", "Tyuiu.LipnagovAS.Sprint0.Task4.V0.Test\Tyuiu.LipnagovAS.Sprint0.Task4.V0.Test.csproj", "{E771EA18-36E2-43FC-B230-2E69D740E5F9}"
EndProject
Project("{FAE04EC0-301F-11D3-BF4B-00C04F79EFBC}") = "Tyuiu.LipnagovAS.Sprint0.Task5.V0", "Tyuiu.LipnagovAS.Sprint0.Task5.V0\Tyuiu.LipnagovAS.Sprint0.Task5.V0.csproj", "{DB52D748-64AD-47C8-A257-5E485BADA20D}"
EndProject
Project("{2150E333-8FDC-42A3-9474-1A3956D46DE8}") = "Task5", "Task5", "{5E4119BC-6375-4CAC-8786-F918D1CC72A6}"
EndProject
Project("{FAE04EC0-301F-11D3-BF4B-00C04F79EFBC}") = "Tyuiu.LipnagovAS.Sprint0.Task5.V0.Test", "Tyuiu.LipnagovAS.Sprint0.Task5.V0.Test\Tyuiu.LipnagovAS.Sprint0.Task5.V0.Test.csproj", "{0270720B-74D8-4599-9E14-91BFE3447A81}"
EndProject
Project("{FAE04EC0-301F-11D3-BF4B-00C04F79EFBC}") = "Tyuiu.LipnagovAS.Sprint0.Task5.V0.Lib", "Tyuiu.LipnagovAS.Sprint0.Task5.V0.Lib\Tyuiu.LipnagovAS.Sprint0.Task5.V0.Lib.csproj", "{062B5877-AC10-4185-A554-2836D2977120}"
EndProject
Project("{2150E333-8FDC-42A3-9474-1A3956D46DE8}") = "Task6", "Task6", "{DD1C6818-A1E3-4DE6-BD1B-7DD22C89B9A7}"
EndProject
Project("{FAE04EC0-301F-11D3-BF4B-00C04F79EFBC}") = "Tyuiu.LipnagovAS.Sprint0.Task6.V0.Lib", "Tyuiu.LipnagovAS.Sprint0.Task6.V0.Lib\Tyuiu.LipnagovAS.Sprint0.Task6.V0.Lib.csproj", "{4532674C-D9DD-42C6-ADD9-DE4E43371ADA}"
EndProject
Project("{FAE04EC0-301F-11D3-BF4B-00C04F79EFBC}") = "Tyuiu.LipnagovAS.Sprint0.Task6.V0.Test", "Tyuiu.LipnagovAS.Sprint0.Task6.V0.Test\Tyuiu.LipnagovAS.Sprint0.Task6.V0.Test.csproj", "{C3CED10C-F020-4CA9-90F6-4E0D85E3076B}"
EndProject
Project("{FAE04EC0-301F-11D3-BF4B-00C04F79EFBC}") = "Tyuiu.LipnagovAS.Sprint0.Task6.V0", "Tyuiu.LipnagovAS.Sprint0.Task6.V0\Tyuiu.LipnagovAS.Sprint0.Task6.V0.csproj", "{28E7D9AA-6082-4ABF-9087-9242C780EAE2}"
EndProject
Global
	GlobalSection(SolutionConfigurationPlatforms) = preSolution
		Debug|Any CPU = Debug|Any CPU
		Release|Any CPU = Release|Any CPU
	EndGlobalSection
	GlobalSection(ProjectConfigurationPlatforms) = postSolution
		{1B51F6FA-D7D2-4DFF-BD6B-647300C0A9D7}.Debug|Any CPU.ActiveCfg = Debug|Any CPU
		{1B51F6FA-D7D2-4DFF-BD6B-647300C0A9D7}.Debug|Any CPU.Build.0 = Debug|Any CPU
		{1B51F6FA-D7D2-4DFF-BD6B-647300C0A9D7}.Release|Any CPU.ActiveCfg = Release|Any CPU
		{1B51F6FA-D7D2-4DFF-BD6B-647300C0A9D7}.Release|Any CPU.Build.0 = Release|Any CPU
		{020B801D-51F6-4DED-9C6E-8AA392EC2C6E}.Debug|Any CPU.ActiveCfg = Debug|Any CPU
		{020B801D-51F6-4DED-9C6E-8AA392EC2C6E}.Debug|Any CPU.Build.0 = Debug|Any CPU
		{020B801D-51F6-4DED-9C6E-8AA392EC2C6E}.Release|Any CPU.ActiveCfg = Release|Any CPU
		{020B801D-51F6-4DED-9C6E-8AA392EC2C6E}.Release|Any CPU.Build.0 = Release|Any CPU
		{2844400E-E220-46B7-BC9F-D6DA35E7891A}.Debug|Any CPU.ActiveCfg = Debug|Any CPU
		{2844400E-E220-46B7-BC9F-D6DA35E7891A}.Debug|Any CPU.Build.0 = Debug|Any CPU
		{2844400E-E220-46B7-BC9F-D6DA35E7891A}.Release|Any CPU.ActiveCfg = Release|Any CPU
		{2844400E-E220-46B7-BC9F-D6DA35E7891A}.Release|Any CPU.Build.0 = Release|Any CPU
		{E688252F-377E-42C7-ACB2-18282E83E18A}.Debug|Any CPU.ActiveCfg = Debug|Any CPU
		{E688252F-377E-42C7-ACB2-18282E83E18A}.Debug|Any CPU.Build.0 = Debug|Any CPU
		{E688252F-377E-42C7-ACB2-18282E83E18A}.Release|Any CPU.ActiveCfg = Release|Any CPU
		{E688252F-377E-42C7-ACB2-18282E83E18A}.Release|Any CPU.Build.0 = Release|Any CPU
		{95AF7F4E-BDB5-46A8-96B8-E544498A5880}.Debug|Any CPU.ActiveCfg = Debug|Any CPU
		{95AF7F4E-BDB5-46A8-96B8-E544498A5880}.Debug|Any CPU.Build.0 = Debug|Any CPU
		{95AF7F4E-BDB5-46A8-96B8-E544498A5880}.Release|Any CPU.ActiveCfg = Release|Any CPU
		{95AF7F4E-BDB5-46A8-96B8-E544498A5880}.Release|Any CPU.Build.0 = Release|Any CPU
		{60926B2E-E946-4769-9E57-7E29B2802AD6}.Debug|Any CPU.ActiveCfg = Debug|Any CPU
		{60926B2E-E946-4769-9E57-7E29B2802AD6}.Debug|Any CPU.Build.0 = Debug|Any CPU
		{60926B2E-E946-4769-9E57-7E29B2802AD6}.Release|Any CPU.ActiveCfg = Release|Any CPU
		{60926B2E-E946-4769-9E57-7E29B2802AD6}.Release|Any CPU.Build.0 = Release|Any CPU
		{7A71F091-B8BE-4084-B552-CC4ECCEC512F}.Debug|Any CPU.ActiveCfg = Debug|Any CPU
		{7A71F091-B8BE-4084-B552-CC4ECCEC512F}.Debug|Any CPU.Build.0 = Debug|Any CPU
		{7A71F091-B8BE-4084-B552-CC4ECCEC512F}.Release|Any CPU.ActiveCfg = Release|Any CPU
		{7A71F091-B8BE-4084-B552-CC4ECCEC512F}.Release|Any CPU.Build.0 = Release|Any CPU
		{49C4021F-F6BC-4BD5-A6E3-E056AE0266D6}.Debug|Any CPU.ActiveCfg = Debug|Any CPU
		{49C4021F-F6BC-4BD5-A6E3-E056AE0266D6}.Debug|Any CPU.Build.0 = Debug|Any CPU
		{49C4021F-F6BC-4BD5-A6E3-E056AE0266D6}.Release|Any CPU.ActiveCfg = Release|Any CPU
		{49C4021F-F6BC-4BD5-A6E3-E056AE0266D6}.Release|Any CPU.Build.0 = Release|Any CPU
		{0E2A1A2E-FC7F-405F-A833-9DB06BE22A4F}.Debug|Any CPU.ActiveCfg = Debug|Any CPU
		{0E2A1A2E-FC7F-405F-A833-9DB06BE22A4F}.Debug|Any CPU.Build.0 = Debug|Any CPU
		{0E2A1A2E-FC7F-405F-A833-9DB06BE22A4F}.Release|Any CPU.ActiveCfg = Release|Any CPU
		{0E2A1A2E-FC7F-405F-A833-9DB06BE22A4F}.Release|Any CPU.Build.0 = Release|Any CPU
		{A6218C12-582D-4BA0-8A99-C77A2C6AF595}.Debug|Any CPU.ActiveCfg = Debug|Any CPU
		{A6218C12-582D-4BA0-8A99-C77A2C6AF595}.Debug|Any CPU.Build.0 = Debug|Any CPU
		{A6218C12-582D-4BA0-8A99-C77A2C6AF595}.Release|Any CPU.ActiveCfg = Release|Any CPU
		{A6218C12-582D-4BA0-8A99-C77A2C6AF595}.Release|Any CPU.Build.0 = Release|Any CPU
		{E771EA18-36E2-43FC-B230-2E69D740E5F9}.Debug|Any CPU.ActiveCfg = Debug|Any CPU
		{E771EA18-36E2-43FC-B230-2E69D740E5F9}.Debug|Any CPU.Build.0 = Debug|Any CPU
		{E771EA18-36E2-43FC-B230-2E69D740E5F9}.Release|Any CPU.ActiveCfg = Release|Any CPU
		{E771EA18-36E2-43FC-B230-2E69D740E5F9}.Release|Any CPU.Build.0 = Release|Any CPU
		{DB52D748-64AD-47C8-A257-5E485BADA20D}.Debug|Any CPU.ActiveCfg = Debug|Any CPU
		{DB52D748-64AD-47C8-A257-5E485BADA20D}.Debug|Any CPU.Build.0 = Debug|Any CPU
		{DB52D748-64AD-47C8-A257-5E485BADA20D}.Release|Any CPU.ActiveCfg = Release|Any CPU
		{DB52D748-64AD-47C8-A257-5E485BADA20D}.Release|Any CPU.Build.0 = Release|Any CPU
		{0270720B-74D8-4599-9E14-91BFE3447A81}.Debug|Any CPU.ActiveCfg = Debug|Any CPU
		{0270720B-74D8-4599-9E14-91BFE3447A81}.Debug|Any CPU.Build.0 = Debug|Any CPU
		{0270720B-74D8-4599-9E14-91BFE3447A81}.Release|Any CPU.ActiveCfg = Release|Any CPU
		{0270720B-74D8-4599-9E14-91BFE3447A81}.Release|Any CPU.Build.0 = Release|Any CPU
		{062B5877-AC10-4185-A554-2836D2977120}.Debug|Any CPU.ActiveCfg = Debug|Any CPU
		{062B5877-AC10-4185-A554-2836D2977120}.Debug|Any CPU.Build.0 = Debug|Any CPU
		{062B5877-AC10-4185-A554-2836D2977120}.Release|Any CPU.ActiveCfg = Release|Any CPU
		{062B5877-AC10-4185-A554-2836D2977120}.Release|Any CPU.Build.0 = Release|Any CPU
		{4532674C-D9DD-42C6-ADD9-DE4E43371ADA}.Debug|Any CPU.ActiveCfg = Debug|Any CPU
		{4532674C-D9DD-42C6-ADD9-DE4E43371ADA}.Debug|Any CPU.Build.0 = Debug|Any CPU
		{4532674C-D9DD-42C6-ADD9-DE4E43371ADA}.Release|Any CPU.ActiveCfg = Release|Any CPU
		{4532674C-D9DD-42C6-ADD9-DE4E43371ADA}.Release|Any CPU.Build.0 = Release|Any CPU
		{C3CED10C-F020-4CA9-90F6-4E0D85E3076B}.Debug|Any CPU.ActiveCfg = Debug|Any CPU
		{C3CED10C-F020-4CA9-90F6-4E0D85E3076B}.Debug|Any CPU.Build.0 = Debug|Any CPU
		{C3CED10C-F020-4CA9-90F6-4E0D85E3076B}.Release|Any CPU.ActiveCfg = Release|Any CPU
		{C3CED10C-F020-4CA9-90F6-4E0D85E3076B}.Release|Any CPU.Build.0 = Release|Any CPU
		{28E7D9AA-6082-4ABF-9087-9242C780EAE2}.Debug|Any CPU.ActiveCfg = Debug|Any CPU
		{28E7D9AA-6082-4ABF-9087-9242C780EAE2}.Debug|Any CPU.Build.0 = Debug|Any CPU
		{28E7D9AA-6082-4ABF-9087-9242C780EAE2}.Release|Any CPU.ActiveCfg = Release|Any CPU
		{28E7D9AA-6082-4ABF-9087-9242C780EAE2}.Release|Any CPU.Build.0 = Release|Any CPU
	EndGlobalSection
	GlobalSection(SolutionProperties) = preSolution
		HideSolutionNode = FALSE
	EndGlobalSection
	GlobalSection(NestedProjects) = preSolution
		{1B51F6FA-D7D2-4DFF-BD6B-647300C0A9D7} = {02EA681E-C7D8-13C7-8484-4AC65E1B71E8}
		{020B801D-51F6-4DED-9C6E-8AA392EC2C6E} = {02EF7975-0A05-4924-B982-F63EFD50862A}
		{2844400E-E220-46B7-BC9F-D6DA35E7891A} = {00AF174F-F104-4B5B-BF20-9478A89E406E}
		{E688252F-377E-42C7-ACB2-18282E83E18A} = {00AF174F-F104-4B5B-BF20-9478A89E406E}
		{95AF7F4E-BDB5-46A8-96B8-E544498A5880} = {00AF174F-F104-4B5B-BF20-9478A89E406E}
		{60926B2E-E946-4769-9E57-7E29B2802AD6} = {4F78C2A6-A445-429E-9E1C-406AA830E630}
		{7A71F091-B8BE-4084-B552-CC4ECCEC512F} = {4F78C2A6-A445-429E-9E1C-406AA830E630}
		{49C4021F-F6BC-4BD5-A6E3-E056AE0266D6} = {4F78C2A6-A445-429E-9E1C-406AA830E630}
		{0E2A1A2E-FC7F-405F-A833-9DB06BE22A4F} = {630A2C4C-04D1-48F4-91D0-B40234F5782E}
		{A6218C12-582D-4BA0-8A99-C77A2C6AF595} = {630A2C4C-04D1-48F4-91D0-B40234F5782E}
		{E771EA18-36E2-43FC-B230-2E69D740E5F9} = {630A2C4C-04D1-48F4-91D0-B40234F5782E}
		{DB52D748-64AD-47C8-A257-5E485BADA20D} = {5E4119BC-6375-4CAC-8786-F918D1CC72A6}
		{0270720B-74D8-4599-9E14-91BFE3447A81} = {5E4119BC-6375-4CAC-8786-F918D1CC72A6}
		{062B5877-AC10-4185-A554-2836D2977120} = {5E4119BC-6375-4CAC-8786-F918D1CC72A6}
		{4532674C-D9DD-42C6-ADD9-DE4E43371ADA} = {DD1C6818-A1E3-4DE6-BD1B-7DD22C89B9A7}
		{C3CED10C-F020-4CA9-90F6-4E0D85E3076B} = {DD1C6818-A1E3-4DE6-BD1B-7DD22C89B9A7}
		{28E7D9AA-6082-4ABF-9087-9242C780EAE2} = {DD1C6818-A1E3-4DE6-BD1B-7DD22C89B9A7}
	EndGlobalSection
	GlobalSection(ExtensibilityGlobals) = postSolution
		SolutionGuid = {24CE5057-4D3B-441F-89F8-5CE500604559}
	EndGlobalSection
EndGlobal
